{
    "_meta": {
        "hash": {
            "sha256": "92d96594ee017acae78d1623fc3c55da05751c970e0cb29c14ee48b150c505f3"
        },
        "pipfile-spec": 6,
        "requires": {
            "python_version": "3.11"
        },
        "sources": [
            {
                "name": "pypi",
                "url": "https://pypi.org/simple",
                "verify_ssl": true
            }
        ]
    },
    "default": {
        "logzero": {
            "hashes": [
                "sha256:23eb1f717a2736f9ab91ca0d43160fd2c996ad49ae6bad34652d47aba908769d",
                "sha256:7f73ddd3ae393457236f081ffebd044a3aa2e423a47ae6ddb5179ab90d0ad082"
            ],
            "index": "pypi",
            "version": "==1.7.0"
        }
    },
    "develop": {}
}
